// !$*UTF8*$!
{
	archiveVersion = 1;
	classes = {
	};
	objectVersion = 50;
	objects = {

/* Begin PBXBuildFile section */
		6552CC6124D7043F0006A7B9 /* Food.swift in Sources */ = {isa = PBXBuildFile; fileRef = 6552CC6024D7043F0006A7B9 /* Food.swift */; };
		6557EA7A24DEBC07001B2C12 /* StaffDetailController.swift in Sources */ = {isa = PBXBuildFile; fileRef = 6557EA7924DEBC07001B2C12 /* StaffDetailController.swift */; };
		6557EA7C24DEBC20001B2C12 /* StaffTableViewController.swift in Sources */ = {isa = PBXBuildFile; fileRef = 6557EA7B24DEBC20001B2C12 /* StaffTableViewController.swift */; };
		6557EA7E24DEBC31001B2C12 /* StaffTableViewCell.swift in Sources */ = {isa = PBXBuildFile; fileRef = 6557EA7D24DEBC31001B2C12 /* StaffTableViewCell.swift */; };
		6557EA8024DEBD77001B2C12 /* Staff.swift in Sources */ = {isa = PBXBuildFile; fileRef = 6557EA7F24DEBD77001B2C12 /* Staff.swift */; };
		6559CEBA24D96CA300FC9E0A /* GoogleService-Info.plist in Resources */ = {isa = PBXBuildFile; fileRef = 6559CEB924D96CA300FC9E0A /* GoogleService-Info.plist */; };
		657361B824DFD9F5009BA0B1 /* TableViewController.swift in Sources */ = {isa = PBXBuildFile; fileRef = 657361B724DFD9F5009BA0B1 /* TableViewController.swift */; };
		657361BA24DFDA05009BA0B1 /* TableViewCell.swift in Sources */ = {isa = PBXBuildFile; fileRef = 657361B924DFDA05009BA0B1 /* TableViewCell.swift */; };
		657361BC24E00222009BA0B1 /* MainViewController.swift in Sources */ = {isa = PBXBuildFile; fileRef = 657361BB24E00222009BA0B1 /* MainViewController.swift */; };
		65782C0224D93B870088A213 /* Assets.xcassets in Resources */ = {isa = PBXBuildFile; fileRef = 65782C0124D93B870088A213 /* Assets.xcassets */; };
		6596EFF224DA488900BE0E15 /* libsqlite3.0.tbd in Frameworks */ = {isa = PBXBuildFile; fileRef = 6596EFF124DA488900BE0E15 /* libsqlite3.0.tbd */; };
		6596EFFF24DA48F600BE0E15 /* FMDatabaseQueue.m in Sources */ = {isa = PBXBuildFile; fileRef = 6596EFF424DA48F600BE0E15 /* FMDatabaseQueue.m */; };
		6596F00024DA48F600BE0E15 /* FMResultSet.h in Headers */ = {isa = PBXBuildFile; fileRef = 6596EFF524DA48F600BE0E15 /* FMResultSet.h */; };
		6596F00124DA48F600BE0E15 /* FMDatabaseAdditions.h in Headers */ = {isa = PBXBuildFile; fileRef = 6596EFF624DA48F600BE0E15 /* FMDatabaseAdditions.h */; };
		6596F00224DA48F600BE0E15 /* FMDB.h in Headers */ = {isa = PBXBuildFile; fileRef = 6596EFF724DA48F600BE0E15 /* FMDB.h */; };
		6596F00324DA48F600BE0E15 /* FMDatabase.h in Headers */ = {isa = PBXBuildFile; fileRef = 6596EFF824DA48F600BE0E15 /* FMDatabase.h */; };
		6596F00424DA48F600BE0E15 /* FMDatabasePool.h in Headers */ = {isa = PBXBuildFile; fileRef = 6596EFF924DA48F600BE0E15 /* FMDatabasePool.h */; };
		6596F00524DA48F600BE0E15 /* FMDatabase.m in Sources */ = {isa = PBXBuildFile; fileRef = 6596EFFA24DA48F600BE0E15 /* FMDatabase.m */; };
		6596F00624DA48F600BE0E15 /* FMDatabasePool.m in Sources */ = {isa = PBXBuildFile; fileRef = 6596EFFB24DA48F600BE0E15 /* FMDatabasePool.m */; };
		6596F00724DA48F600BE0E15 /* FMResultSet.m in Sources */ = {isa = PBXBuildFile; fileRef = 6596EFFC24DA48F600BE0E15 /* FMResultSet.m */; };
		6596F00824DA48F600BE0E15 /* FMDatabaseAdditions.m in Sources */ = {isa = PBXBuildFile; fileRef = 6596EFFD24DA48F600BE0E15 /* FMDatabaseAdditions.m */; };
		6596F00924DA48F600BE0E15 /* FMDatabaseQueue.h in Headers */ = {isa = PBXBuildFile; fileRef = 6596EFFE24DA48F600BE0E15 /* FMDatabaseQueue.h */; };
		6596F00C24DA495D00BE0E15 /* DatabaseAccess.swift in Sources */ = {isa = PBXBuildFile; fileRef = 6596F00B24DA495D00BE0E15 /* DatabaseAccess.swift */; };
		65CCCB5024D926AF00A15A6E /* FoodTableViewController.swift in Sources */ = {isa = PBXBuildFile; fileRef = 65CCCB4F24D926AE00A15A6E /* FoodTableViewController.swift */; };
		65CCCB5224D92A9F00A15A6E /* FoodTableViewCell.swift in Sources */ = {isa = PBXBuildFile; fileRef = 65CCCB5124D92A9F00A15A6E /* FoodTableViewCell.swift */; };
		65FEBBE224C9E2E500795D13 /* AppDelegate.swift in Sources */ = {isa = PBXBuildFile; fileRef = 65FEBBE124C9E2E500795D13 /* AppDelegate.swift */; };
		65FEBBE424C9E2E500795D13 /* FoodDetailController.swift in Sources */ = {isa = PBXBuildFile; fileRef = 65FEBBE324C9E2E500795D13 /* FoodDetailController.swift */; };
		65FEBBE724C9E2E500795D13 /* Main.storyboard in Resources */ = {isa = PBXBuildFile; fileRef = 65FEBBE524C9E2E500795D13 /* Main.storyboard */; };
		65FEBBEC24C9E2EE00795D13 /* LaunchScreen.storyboard in Resources */ = {isa = PBXBuildFile; fileRef = 65FEBBEA24C9E2EE00795D13 /* LaunchScreen.storyboard */; };
		65FEBBF724C9E2EE00795D13 /* QuanLyCafeTests.swift in Sources */ = {isa = PBXBuildFile; fileRef = 65FEBBF624C9E2EE00795D13 /* QuanLyCafeTests.swift */; };
/* End PBXBuildFile section */

/* Begin PBXContainerItemProxy section */
		65FEBBF324C9E2EE00795D13 /* PBXContainerItemProxy */ = {
			isa = PBXContainerItemProxy;
			containerPortal = 65FEBBD624C9E2E500795D13 /* Project object */;
			proxyType = 1;
			remoteGlobalIDString = 65FEBBDD24C9E2E500795D13;
			remoteInfo = QuanLyCafe;
		};
/* End PBXContainerItemProxy section */

/* Begin PBXFileReference section */
		6552CC6024D7043F0006A7B9 /* Food.swift */ = {isa = PBXFileReference; fileEncoding = 4; lastKnownFileType = sourcecode.swift; path = Food.swift; sourceTree = "<group>"; };
		6557EA7924DEBC07001B2C12 /* StaffDetailController.swift */ = {isa = PBXFileReference; lastKnownFileType = sourcecode.swift; path = StaffDetailController.swift; sourceTree = "<group>"; };
		6557EA7B24DEBC20001B2C12 /* StaffTableViewController.swift */ = {isa = PBXFileReference; lastKnownFileType = sourcecode.swift; path = StaffTableViewController.swift; sourceTree = "<group>"; };
		6557EA7D24DEBC31001B2C12 /* StaffTableViewCell.swift */ = {isa = PBXFileReference; lastKnownFileType = sourcecode.swift; path = StaffTableViewCell.swift; sourceTree = "<group>"; };
		6557EA7F24DEBD77001B2C12 /* Staff.swift */ = {isa = PBXFileReference; lastKnownFileType = sourcecode.swift; path = Staff.swift; sourceTree = "<group>"; };
		6559CEB924D96CA300FC9E0A /* GoogleService-Info.plist */ = {isa = PBXFileReference; fileEncoding = 4; lastKnownFileType = text.plist.xml; path = "GoogleService-Info.plist"; sourceTree = "<group>"; };
		657361B724DFD9F5009BA0B1 /* TableViewController.swift */ = {isa = PBXFileReference; lastKnownFileType = sourcecode.swift; path = TableViewController.swift; sourceTree = "<group>"; };
		657361B924DFDA05009BA0B1 /* TableViewCell.swift */ = {isa = PBXFileReference; lastKnownFileType = sourcecode.swift; path = TableViewCell.swift; sourceTree = "<group>"; };
		657361BB24E00222009BA0B1 /* MainViewController.swift */ = {isa = PBXFileReference; lastKnownFileType = sourcecode.swift; path = MainViewController.swift; sourceTree = "<group>"; };
		65782C0124D93B870088A213 /* Assets.xcassets */ = {isa = PBXFileReference; lastKnownFileType = folder.assetcatalog; name = Assets.xcassets; path = ../../../.Trash/Assets.xcassets; sourceTree = "<group>"; };
		6596EFD724DA45B400BE0E15 /* FMDatabasePool.h */ = {isa = PBXFileReference; lastKnownFileType = sourcecode.c.h; name = FMDatabasePool.h; path = ../fmdb/src/fmdb/FMDatabasePool.h; sourceTree = "<group>"; };
		6596EFD824DA45B400BE0E15 /* FMDatabase.h */ = {isa = PBXFileReference; lastKnownFileType = sourcecode.c.h; name = FMDatabase.h; path = ../fmdb/src/fmdb/FMDatabase.h; sourceTree = "<group>"; };
		6596EFD924DA45B400BE0E15 /* FMDatabaseQueue.h */ = {isa = PBXFileReference; lastKnownFileType = sourcecode.c.h; name = FMDatabaseQueue.h; path = ../fmdb/src/fmdb/FMDatabaseQueue.h; sourceTree = "<group>"; };
		6596EFDA24DA45B400BE0E15 /* FMDatabasePool.m */ = {isa = PBXFileReference; lastKnownFileType = sourcecode.c.objc; name = FMDatabasePool.m; path = ../fmdb/src/fmdb/FMDatabasePool.m; sourceTree = "<group>"; };
		6596EFDB24DA45B400BE0E15 /* FMDatabaseQueue.m */ = {isa = PBXFileReference; lastKnownFileType = sourcecode.c.objc; name = FMDatabaseQueue.m; path = ../fmdb/src/fmdb/FMDatabaseQueue.m; sourceTree = "<group>"; };
		6596EFDC24DA45B400BE0E15 /* FMDatabaseAdditions.m */ = {isa = PBXFileReference; lastKnownFileType = sourcecode.c.objc; name = FMDatabaseAdditions.m; path = ../fmdb/src/fmdb/FMDatabaseAdditions.m; sourceTree = "<group>"; };
		6596EFDD24DA45B400BE0E15 /* FMDatabaseAdditions.h */ = {isa = PBXFileReference; lastKnownFileType = sourcecode.c.h; name = FMDatabaseAdditions.h; path = ../fmdb/src/fmdb/FMDatabaseAdditions.h; sourceTree = "<group>"; };
		6596EFDE24DA45B400BE0E15 /* FMDatabase.m */ = {isa = PBXFileReference; lastKnownFileType = sourcecode.c.objc; name = FMDatabase.m; path = ../fmdb/src/fmdb/FMDatabase.m; sourceTree = "<group>"; };
		6596EFE724DA45CC00BE0E15 /* FMResultSet.h */ = {isa = PBXFileReference; lastKnownFileType = sourcecode.c.h; name = FMResultSet.h; path = ../fmdb/src/fmdb/FMResultSet.h; sourceTree = "<group>"; };
		6596EFE824DA45CC00BE0E15 /* FMResultSet.m */ = {isa = PBXFileReference; lastKnownFileType = sourcecode.c.objc; name = FMResultSet.m; path = ../fmdb/src/fmdb/FMResultSet.m; sourceTree = "<group>"; };
		6596EFEB24DA45E000BE0E15 /* FMDB.h */ = {isa = PBXFileReference; lastKnownFileType = sourcecode.c.h; name = FMDB.h; path = ../fmdb/src/fmdb/FMDB.h; sourceTree = "<group>"; };
		6596EFED24DA480000BE0E15 /* fmdb */ = {isa = PBXFileReference; lastKnownFileType = folder; name = fmdb; path = ../fmdb; sourceTree = "<group>"; };
		6596EFF124DA488900BE0E15 /* libsqlite3.0.tbd */ = {isa = PBXFileReference; lastKnownFileType = "sourcecode.text-based-dylib-definition"; name = libsqlite3.0.tbd; path = usr/lib/libsqlite3.0.tbd; sourceTree = SDKROOT; };
		6596EFF324DA48F500BE0E15 /* QuanLyCafe-Bridging-Header.h */ = {isa = PBXFileReference; lastKnownFileType = sourcecode.c.h; path = "QuanLyCafe-Bridging-Header.h"; sourceTree = "<group>"; };
		6596EFF424DA48F600BE0E15 /* FMDatabaseQueue.m */ = {isa = PBXFileReference; fileEncoding = 4; lastKnownFileType = sourcecode.c.objc; name = FMDatabaseQueue.m; path = "../../../fmdb 2/src/fmdb/FMDatabaseQueue.m"; sourceTree = "<group>"; };
		6596EFF524DA48F600BE0E15 /* FMResultSet.h */ = {isa = PBXFileReference; fileEncoding = 4; lastKnownFileType = sourcecode.c.h; name = FMResultSet.h; path = "../../../fmdb 2/src/fmdb/FMResultSet.h"; sourceTree = "<group>"; };
		6596EFF624DA48F600BE0E15 /* FMDatabaseAdditions.h */ = {isa = PBXFileReference; fileEncoding = 4; lastKnownFileType = sourcecode.c.h; name = FMDatabaseAdditions.h; path = "../../../fmdb 2/src/fmdb/FMDatabaseAdditions.h"; sourceTree = "<group>"; };
		6596EFF724DA48F600BE0E15 /* FMDB.h */ = {isa = PBXFileReference; fileEncoding = 4; lastKnownFileType = sourcecode.c.h; name = FMDB.h; path = "../../../fmdb 2/src/fmdb/FMDB.h"; sourceTree = "<group>"; };
		6596EFF824DA48F600BE0E15 /* FMDatabase.h */ = {isa = PBXFileReference; fileEncoding = 4; lastKnownFileType = sourcecode.c.h; name = FMDatabase.h; path = "../../../fmdb 2/src/fmdb/FMDatabase.h"; sourceTree = "<group>"; };
		6596EFF924DA48F600BE0E15 /* FMDatabasePool.h */ = {isa = PBXFileReference; fileEncoding = 4; lastKnownFileType = sourcecode.c.h; name = FMDatabasePool.h; path = "../../../fmdb 2/src/fmdb/FMDatabasePool.h"; sourceTree = "<group>"; };
		6596EFFA24DA48F600BE0E15 /* FMDatabase.m */ = {isa = PBXFileReference; fileEncoding = 4; lastKnownFileType = sourcecode.c.objc; name = FMDatabase.m; path = "../../../fmdb 2/src/fmdb/FMDatabase.m"; sourceTree = "<group>"; };
		6596EFFB24DA48F600BE0E15 /* FMDatabasePool.m */ = {isa = PBXFileReference; fileEncoding = 4; lastKnownFileType = sourcecode.c.objc; name = FMDatabasePool.m; path = "../../../fmdb 2/src/fmdb/FMDatabasePool.m"; sourceTree = "<group>"; };
		6596EFFC24DA48F600BE0E15 /* FMResultSet.m */ = {isa = PBXFileReference; fileEncoding = 4; lastKnownFileType = sourcecode.c.objc; name = FMResultSet.m; path = "../../../fmdb 2/src/fmdb/FMResultSet.m"; sourceTree = "<group>"; };
		6596EFFD24DA48F600BE0E15 /* FMDatabaseAdditions.m */ = {isa = PBXFileReference; fileEncoding = 4; lastKnownFileType = sourcecode.c.objc; name = FMDatabaseAdditions.m; path = "../../../fmdb 2/src/fmdb/FMDatabaseAdditions.m"; sourceTree = "<group>"; };
		6596EFFE24DA48F600BE0E15 /* FMDatabaseQueue.h */ = {isa = PBXFileReference; fileEncoding = 4; lastKnownFileType = sourcecode.c.h; name = FMDatabaseQueue.h; path = "../../../fmdb 2/src/fmdb/FMDatabaseQueue.h"; sourceTree = "<group>"; };
		6596F00B24DA495D00BE0E15 /* DatabaseAccess.swift */ = {isa = PBXFileReference; lastKnownFileType = sourcecode.swift; path = DatabaseAccess.swift; sourceTree = "<group>"; };
		65CCCB4F24D926AE00A15A6E /* FoodTableViewController.swift */ = {isa = PBXFileReference; lastKnownFileType = sourcecode.swift; path = FoodTableViewController.swift; sourceTree = "<group>"; };
		65CCCB5124D92A9F00A15A6E /* FoodTableViewCell.swift */ = {isa = PBXFileReference; lastKnownFileType = sourcecode.swift; path = FoodTableViewCell.swift; sourceTree = "<group>"; };
		65FEBBDE24C9E2E500795D13 /* QuanLyCafe.app */ = {isa = PBXFileReference; explicitFileType = wrapper.application; includeInIndex = 0; path = QuanLyCafe.app; sourceTree = BUILT_PRODUCTS_DIR; };
		65FEBBE124C9E2E500795D13 /* AppDelegate.swift */ = {isa = PBXFileReference; lastKnownFileType = sourcecode.swift; path = AppDelegate.swift; sourceTree = "<group>"; };
		65FEBBE324C9E2E500795D13 /* FoodDetailController.swift */ = {isa = PBXFileReference; lastKnownFileType = sourcecode.swift; path = FoodDetailController.swift; sourceTree = "<group>"; };
		65FEBBE624C9E2E500795D13 /* Base */ = {isa = PBXFileReference; lastKnownFileType = file.storyboard; name = Base; path = Base.lproj/Main.storyboard; sourceTree = "<group>"; };
		65FEBBEB24C9E2EE00795D13 /* Base */ = {isa = PBXFileReference; lastKnownFileType = file.storyboard; name = Base; path = Base.lproj/LaunchScreen.storyboard; sourceTree = "<group>"; };
		65FEBBED24C9E2EE00795D13 /* Info.plist */ = {isa = PBXFileReference; lastKnownFileType = text.plist.xml; path = Info.plist; sourceTree = "<group>"; };
		65FEBBF224C9E2EE00795D13 /* QuanLyCafeTests.xctest */ = {isa = PBXFileReference; explicitFileType = wrapper.cfbundle; includeInIndex = 0; path = QuanLyCafeTests.xctest; sourceTree = BUILT_PRODUCTS_DIR; };
		65FEBBF624C9E2EE00795D13 /* QuanLyCafeTests.swift */ = {isa = PBXFileReference; lastKnownFileType = sourcecode.swift; path = QuanLyCafeTests.swift; sourceTree = "<group>"; };
		65FEBBF824C9E2EE00795D13 /* Info.plist */ = {isa = PBXFileReference; lastKnownFileType = text.plist.xml; path = Info.plist; sourceTree = "<group>"; };
/* End PBXFileReference section */

/* Begin PBXFrameworksBuildPhase section */
		6596EFF024DA487200BE0E15 /* Frameworks */ = {
			isa = PBXFrameworksBuildPhase;
			buildActionMask = 2147483647;
			files = (
				6596EFF224DA488900BE0E15 /* libsqlite3.0.tbd in Frameworks */,
			);
			runOnlyForDeploymentPostprocessing = 0;
		};
		65FEBBEF24C9E2EE00795D13 /* Frameworks */ = {
			isa = PBXFrameworksBuildPhase;
			buildActionMask = 2147483647;
			files = (
			);
			runOnlyForDeploymentPostprocessing = 0;
		};
/* End PBXFrameworksBuildPhase section */

/* Begin PBXGroup section */
		6596EFD524DA44E400BE0E15 /* FMDB */ = {
			isa = PBXGroup;
			children = (
				6596EFF824DA48F600BE0E15 /* FMDatabase.h */,
				6596EFFA24DA48F600BE0E15 /* FMDatabase.m */,
				6596EFF624DA48F600BE0E15 /* FMDatabaseAdditions.h */,
				6596EFFD24DA48F600BE0E15 /* FMDatabaseAdditions.m */,
				6596EFF924DA48F600BE0E15 /* FMDatabasePool.h */,
				6596EFFB24DA48F600BE0E15 /* FMDatabasePool.m */,
				6596EFFE24DA48F600BE0E15 /* FMDatabaseQueue.h */,
				6596EFF424DA48F600BE0E15 /* FMDatabaseQueue.m */,
				6596EFF724DA48F600BE0E15 /* FMDB.h */,
				6596EFF524DA48F600BE0E15 /* FMResultSet.h */,
				6596EFFC24DA48F600BE0E15 /* FMResultSet.m */,
				6596EFF324DA48F500BE0E15 /* QuanLyCafe-Bridging-Header.h */,
			);
			path = FMDB;
			sourceTree = "<group>";
		};
		6596EFD624DA45B400BE0E15 /* Frameworks */ = {
			isa = PBXGroup;
			children = (
				6596EFF124DA488900BE0E15 /* libsqlite3.0.tbd */,
				6596EFEB24DA45E000BE0E15 /* FMDB.h */,
				6596EFE724DA45CC00BE0E15 /* FMResultSet.h */,
				6596EFE824DA45CC00BE0E15 /* FMResultSet.m */,
				6596EFD824DA45B400BE0E15 /* FMDatabase.h */,
				6596EFDE24DA45B400BE0E15 /* FMDatabase.m */,
				6596EFDD24DA45B400BE0E15 /* FMDatabaseAdditions.h */,
				6596EFDC24DA45B400BE0E15 /* FMDatabaseAdditions.m */,
				6596EFD724DA45B400BE0E15 /* FMDatabasePool.h */,
				6596EFDA24DA45B400BE0E15 /* FMDatabasePool.m */,
				6596EFD924DA45B400BE0E15 /* FMDatabaseQueue.h */,
				6596EFDB24DA45B400BE0E15 /* FMDatabaseQueue.m */,
			);
			name = Frameworks;
			sourceTree = "<group>";
		};
		6596F00A24DA491E00BE0E15 /* DAL */ = {
			isa = PBXGroup;
			children = (
				6596F00B24DA495D00BE0E15 /* DatabaseAccess.swift */,
			);
			path = DAL;
			sourceTree = "<group>";
		};
		65FEBBD524C9E2E500795D13 = {
			isa = PBXGroup;
			children = (
				6596EFED24DA480000BE0E15 /* fmdb */,
				65FEBBE024C9E2E500795D13 /* QuanLyCafe */,
				65FEBBF524C9E2EE00795D13 /* QuanLyCafeTests */,
				65FEBBDF24C9E2E500795D13 /* Products */,
				6596EFD624DA45B400BE0E15 /* Frameworks */,
			);
			sourceTree = "<group>";
		};
		65FEBBDF24C9E2E500795D13 /* Products */ = {
			isa = PBXGroup;
			children = (
				65FEBBDE24C9E2E500795D13 /* QuanLyCafe.app */,
				65FEBBF224C9E2EE00795D13 /* QuanLyCafeTests.xctest */,
			);
			name = Products;
			sourceTree = "<group>";
		};
		65FEBBE024C9E2E500795D13 /* QuanLyCafe */ = {
			isa = PBXGroup;
			children = (
				6596F00A24DA491E00BE0E15 /* DAL */,
				6596EFD524DA44E400BE0E15 /* FMDB */,
				65FEBBE124C9E2E500795D13 /* AppDelegate.swift */,
				6552CC6024D7043F0006A7B9 /* Food.swift */,
				65FEBBE324C9E2E500795D13 /* FoodDetailController.swift */,
				65CCCB4F24D926AE00A15A6E /* FoodTableViewController.swift */,
				65CCCB5124D92A9F00A15A6E /* FoodTableViewCell.swift */,
				6557EA7F24DEBD77001B2C12 /* Staff.swift */,
				6557EA7924DEBC07001B2C12 /* StaffDetailController.swift */,
				6557EA7B24DEBC20001B2C12 /* StaffTableViewController.swift */,
				6557EA7D24DEBC31001B2C12 /* StaffTableViewCell.swift */,
				65FEBBE524C9E2E500795D13 /* Main.storyboard */,
				657361BB24E00222009BA0B1 /* MainViewController.swift */,
				657361B724DFD9F5009BA0B1 /* TableViewController.swift */,
				657361B924DFDA05009BA0B1 /* TableViewCell.swift */,
				65FEBBEA24C9E2EE00795D13 /* LaunchScreen.storyboard */,
				65782C0124D93B870088A213 /* Assets.xcassets */,
				65FEBBED24C9E2EE00795D13 /* Info.plist */,
				6559CEB924D96CA300FC9E0A /* GoogleService-Info.plist */,
			);
			path = QuanLyCafe;
			sourceTree = "<group>";
		};
		65FEBBF524C9E2EE00795D13 /* QuanLyCafeTests */ = {
			isa = PBXGroup;
			children = (
				65FEBBF624C9E2EE00795D13 /* QuanLyCafeTests.swift */,
				65FEBBF824C9E2EE00795D13 /* Info.plist */,
			);
			path = QuanLyCafeTests;
			sourceTree = "<group>";
		};
/* End PBXGroup section */

/* Begin PBXHeadersBuildPhase section */
		6596EFEF24DA486C00BE0E15 /* Headers */ = {
			isa = PBXHeadersBuildPhase;
			buildActionMask = 2147483647;
			files = (
				6596F00224DA48F600BE0E15 /* FMDB.h in Headers */,
				6596F00124DA48F600BE0E15 /* FMDatabaseAdditions.h in Headers */,
				6596F00924DA48F600BE0E15 /* FMDatabaseQueue.h in Headers */,
				6596F00424DA48F600BE0E15 /* FMDatabasePool.h in Headers */,
				6596F00324DA48F600BE0E15 /* FMDatabase.h in Headers */,
				6596F00024DA48F600BE0E15 /* FMResultSet.h in Headers */,
			);
			runOnlyForDeploymentPostprocessing = 0;
		};
/* End PBXHeadersBuildPhase section */

/* Begin PBXNativeTarget section */
		65FEBBDD24C9E2E500795D13 /* QuanLyCafe */ = {
			isa = PBXNativeTarget;
			buildConfigurationList = 65FEBBFB24C9E2EE00795D13 /* Build configuration list for PBXNativeTarget "QuanLyCafe" */;
			buildPhases = (
				6596EFEF24DA486C00BE0E15 /* Headers */,
				65FEBBDA24C9E2E500795D13 /* Sources */,
				65FEBBDC24C9E2E500795D13 /* Resources */,
				6596EFF024DA487200BE0E15 /* Frameworks */,
			);
			buildRules = (
			);
			dependencies = (
			);
			name = QuanLyCafe;
			productName = QuanLyCafe;
			productReference = 65FEBBDE24C9E2E500795D13 /* QuanLyCafe.app */;
			productType = "com.apple.product-type.application";
		};
		65FEBBF124C9E2EE00795D13 /* QuanLyCafeTests */ = {
			isa = PBXNativeTarget;
			buildConfigurationList = 65FEBBFE24C9E2EE00795D13 /* Build configuration list for PBXNativeTarget "QuanLyCafeTests" */;
			buildPhases = (
				65FEBBEE24C9E2EE00795D13 /* Sources */,
				65FEBBEF24C9E2EE00795D13 /* Frameworks */,
				65FEBBF024C9E2EE00795D13 /* Resources */,
			);
			buildRules = (
			);
			dependencies = (
				65FEBBF424C9E2EE00795D13 /* PBXTargetDependency */,
			);
			name = QuanLyCafeTests;
			productName = QuanLyCafeTests;
			productReference = 65FEBBF224C9E2EE00795D13 /* QuanLyCafeTests.xctest */;
			productType = "com.apple.product-type.bundle.unit-test";
		};
/* End PBXNativeTarget section */

/* Begin PBXProject section */
		65FEBBD624C9E2E500795D13 /* Project object */ = {
			isa = PBXProject;
			attributes = {
				LastSwiftUpdateCheck = 1030;
				LastUpgradeCheck = 1030;
				ORGANIZATIONNAME = "Nguyễn Minh";
				TargetAttributes = {
					65FEBBDD24C9E2E500795D13 = {
						CreatedOnToolsVersion = 10.3;
						LastSwiftMigration = 1030;
					};
					65FEBBF124C9E2EE00795D13 = {
						CreatedOnToolsVersion = 10.3;
						TestTargetID = 65FEBBDD24C9E2E500795D13;
					};
				};
			};
			buildConfigurationList = 65FEBBD924C9E2E500795D13 /* Build configuration list for PBXProject "QuanLyCafe" */;
			compatibilityVersion = "Xcode 9.3";
			developmentRegion = en;
			hasScannedForEncodings = 0;
			knownRegions = (
				en,
				Base,
			);
			mainGroup = 65FEBBD524C9E2E500795D13;
			productRefGroup = 65FEBBDF24C9E2E500795D13 /* Products */;
			projectDirPath = "";
			projectRoot = "";
			targets = (
				65FEBBDD24C9E2E500795D13 /* QuanLyCafe */,
				65FEBBF124C9E2EE00795D13 /* QuanLyCafeTests */,
			);
		};
/* End PBXProject section */

/* Begin PBXResourcesBuildPhase section */
		65FEBBDC24C9E2E500795D13 /* Resources */ = {
			isa = PBXResourcesBuildPhase;
			buildActionMask = 2147483647;
			files = (
				65FEBBEC24C9E2EE00795D13 /* LaunchScreen.storyboard in Resources */,
				6559CEBA24D96CA300FC9E0A /* GoogleService-Info.plist in Resources */,
				65782C0224D93B870088A213 /* Assets.xcassets in Resources */,
				65FEBBE724C9E2E500795D13 /* Main.storyboard in Resources */,
			);
			runOnlyForDeploymentPostprocessing = 0;
		};
		65FEBBF024C9E2EE00795D13 /* Resources */ = {
			isa = PBXResourcesBuildPhase;
			buildActionMask = 2147483647;
			files = (
			);
			runOnlyForDeploymentPostprocessing = 0;
		};
/* End PBXResourcesBuildPhase section */

/* Begin PBXSourcesBuildPhase section */
		65FEBBDA24C9E2E500795D13 /* Sources */ = {
			isa = PBXSourcesBuildPhase;
			buildActionMask = 2147483647;
			files = (
				6557EA8024DEBD77001B2C12 /* Staff.swift in Sources */,
				65FEBBE424C9E2E500795D13 /* FoodDetailController.swift in Sources */,
				65CCCB5024D926AF00A15A6E /* FoodTableViewController.swift in Sources */,
				6552CC6124D7043F0006A7B9 /* Food.swift in Sources */,
				6596F00524DA48F600BE0E15 /* FMDatabase.m in Sources */,
				65CCCB5224D92A9F00A15A6E /* FoodTableViewCell.swift in Sources */,
				6596F00624DA48F600BE0E15 /* FMDatabasePool.m in Sources */,
				6596F00724DA48F600BE0E15 /* FMResultSet.m in Sources */,
				6557EA7A24DEBC07001B2C12 /* StaffDetailController.swift in Sources */,
				65FEBBE224C9E2E500795D13 /* AppDelegate.swift in Sources */,
				6596EFFF24DA48F600BE0E15 /* FMDatabaseQueue.m in Sources */,
				657361B824DFD9F5009BA0B1 /* TableViewController.swift in Sources */,
				6596F00C24DA495D00BE0E15 /* DatabaseAccess.swift in Sources */,
				6557EA7C24DEBC20001B2C12 /* StaffTableViewController.swift in Sources */,
				657361BA24DFDA05009BA0B1 /* TableViewCell.swift in Sources */,
				657361BC24E00222009BA0B1 /* MainViewController.swift in Sources */,
				6557EA7E24DEBC31001B2C12 /* StaffTableViewCell.swift in Sources */,
				6596F00824DA48F600BE0E15 /* FMDatabaseAdditions.m in Sources */,
			);
			runOnlyForDeploymentPostprocessing = 0;
		};
		65FEBBEE24C9E2EE00795D13 /* Sources */ = {
			isa = PBXSourcesBuildPhase;
			buildActionMask = 2147483647;
			files = (
				65FEBBF724C9E2EE00795D13 /* QuanLyCafeTests.swift in Sources */,
			);
			runOnlyForDeploymentPostprocessing = 0;
		};
/* End PBXSourcesBuildPhase section */

/* Begin PBXTargetDependency section */
		65FEBBF424C9E2EE00795D13 /* PBXTargetDependency */ = {
			isa = PBXTargetDependency;
			target = 65FEBBDD24C9E2E500795D13 /* QuanLyCafe */;
			targetProxy = 65FEBBF324C9E2EE00795D13 /* PBXContainerItemProxy */;
		};
/* End PBXTargetDependency section */

/* Begin PBXVariantGroup section */
		65FEBBE524C9E2E500795D13 /* Main.storyboard */ = {
			isa = PBXVariantGroup;
			children = (
				65FEBBE624C9E2E500795D13 /* Base */,
			);
			name = Main.storyboard;
			sourceTree = "<group>";
		};
		65FEBBEA24C9E2EE00795D13 /* LaunchScreen.storyboard */ = {
			isa = PBXVariantGroup;
			children = (
				65FEBBEB24C9E2EE00795D13 /* Base */,
			);
			name = LaunchScreen.storyboard;
			sourceTree = "<group>";
		};
/* End PBXVariantGroup section */

/* Begin XCBuildConfiguration section */
		65FEBBF924C9E2EE00795D13 /* Debug */ = {
			isa = XCBuildConfiguration;
			buildSettings = {
				ALWAYS_SEARCH_USER_PATHS = NO;
				CLANG_ANALYZER_NONNULL = YES;
				CLANG_ANALYZER_NUMBER_OBJECT_CONVERSION = YES_AGGRESSIVE;
				CLANG_CXX_LANGUAGE_STANDARD = "gnu++14";
				CLANG_CXX_LIBRARY = "libc++";
				CLANG_ENABLE_MODULES = YES;
				CLANG_ENABLE_OBJC_ARC = YES;
				CLANG_ENABLE_OBJC_WEAK = YES;
				CLANG_WARN_BLOCK_CAPTURE_AUTORELEASING = YES;
				CLANG_WARN_BOOL_CONVERSION = YES;
				CLANG_WARN_COMMA = YES;
				CLANG_WARN_CONSTANT_CONVERSION = YES;
				CLANG_WARN_DEPRECATED_OBJC_IMPLEMENTATIONS = YES;
				CLANG_WARN_DIRECT_OBJC_ISA_USAGE = YES_ERROR;
				CLANG_WARN_DOCUMENTATION_COMMENTS = YES;
				CLANG_WARN_EMPTY_BODY = YES;
				CLANG_WARN_ENUM_CONVERSION = YES;
				CLANG_WARN_INFINITE_RECURSION = YES;
				CLANG_WARN_INT_CONVERSION = YES;
				CLANG_WARN_NON_LITERAL_NULL_CONVERSION = YES;
				CLANG_WARN_OBJC_IMPLICIT_RETAIN_SELF = YES;
				CLANG_WARN_OBJC_LITERAL_CONVERSION = YES;
				CLANG_WARN_OBJC_ROOT_CLASS = YES_ERROR;
				CLANG_WARN_RANGE_LOOP_ANALYSIS = YES;
				CLANG_WARN_STRICT_PROTOTYPES = YES;
				CLANG_WARN_SUSPICIOUS_MOVE = YES;
				CLANG_WARN_UNGUARDED_AVAILABILITY = YES_AGGRESSIVE;
				CLANG_WARN_UNREACHABLE_CODE = YES;
				CLANG_WARN__DUPLICATE_METHOD_MATCH = YES;
				CODE_SIGN_IDENTITY = "iPhone Developer";
				COPY_PHASE_STRIP = NO;
				DEBUG_INFORMATION_FORMAT = dwarf;
				ENABLE_STRICT_OBJC_MSGSEND = YES;
				ENABLE_TESTABILITY = YES;
				GCC_C_LANGUAGE_STANDARD = gnu11;
				GCC_DYNAMIC_NO_PIC = NO;
				GCC_NO_COMMON_BLOCKS = YES;
				GCC_OPTIMIZATION_LEVEL = 0;
				GCC_PREPROCESSOR_DEFINITIONS = (
					"DEBUG=1",
					"$(inherited)",
				);
				GCC_WARN_64_TO_32_BIT_CONVERSION = YES;
				GCC_WARN_ABOUT_RETURN_TYPE = YES_ERROR;
				GCC_WARN_UNDECLARED_SELECTOR = YES;
				GCC_WARN_UNINITIALIZED_AUTOS = YES_AGGRESSIVE;
				GCC_WARN_UNUSED_FUNCTION = YES;
				GCC_WARN_UNUSED_VARIABLE = YES;
				IPHONEOS_DEPLOYMENT_TARGET = 12.4;
				MTL_ENABLE_DEBUG_INFO = INCLUDE_SOURCE;
				MTL_FAST_MATH = YES;
				ONLY_ACTIVE_ARCH = YES;
				SDKROOT = iphoneos;
				SWIFT_ACTIVE_COMPILATION_CONDITIONS = DEBUG;
				SWIFT_OPTIMIZATION_LEVEL = "-Onone";
			};
			name = Debug;
		};
		65FEBBFA24C9E2EE00795D13 /* Release */ = {
			isa = XCBuildConfiguration;
			buildSettings = {
				ALWAYS_SEARCH_USER_PATHS = NO;
				CLANG_ANALYZER_NONNULL = YES;
				CLANG_ANALYZER_NUMBER_OBJECT_CONVERSION = YES_AGGRESSIVE;
				CLANG_CXX_LANGUAGE_STANDARD = "gnu++14";
				CLANG_CXX_LIBRARY = "libc++";
				CLANG_ENABLE_MODULES = YES;
				CLANG_ENABLE_OBJC_ARC = YES;
				CLANG_ENABLE_OBJC_WEAK = YES;
				CLANG_WARN_BLOCK_CAPTURE_AUTORELEASING = YES;
				CLANG_WARN_BOOL_CONVERSION = YES;
				CLANG_WARN_COMMA = YES;
				CLANG_WARN_CONSTANT_CONVERSION = YES;
				CLANG_WARN_DEPRECATED_OBJC_IMPLEMENTATIONS = YES;
				CLANG_WARN_DIRECT_OBJC_ISA_USAGE = YES_ERROR;
				CLANG_WARN_DOCUMENTATION_COMMENTS = YES;
				CLANG_WARN_EMPTY_BODY = YES;
				CLANG_WARN_ENUM_CONVERSION = YES;
				CLANG_WARN_INFINITE_RECURSION = YES;
				CLANG_WARN_INT_CONVERSION = YES;
				CLANG_WARN_NON_LITERAL_NULL_CONVERSION = YES;
				CLANG_WARN_OBJC_IMPLICIT_RETAIN_SELF = YES;
				CLANG_WARN_OBJC_LITERAL_CONVERSION = YES;
				CLANG_WARN_OBJC_ROOT_CLASS = YES_ERROR;
				CLANG_WARN_RANGE_LOOP_ANALYSIS = YES;
				CLANG_WARN_STRICT_PROTOTYPES = YES;
				CLANG_WARN_SUSPICIOUS_MOVE = YES;
				CLANG_WARN_UNGUARDED_AVAILABILITY = YES_AGGRESSIVE;
				CLANG_WARN_UNREACHABLE_CODE = YES;
				CLANG_WARN__DUPLICATE_METHOD_MATCH = YES;
				CODE_SIGN_IDENTITY = "iPhone Developer";
				COPY_PHASE_STRIP = NO;
				DEBUG_INFORMATION_FORMAT = "dwarf-with-dsym";
				ENABLE_NS_ASSERTIONS = NO;
				ENABLE_STRICT_OBJC_MSGSEND = YES;
				GCC_C_LANGUAGE_STANDARD = gnu11;
				GCC_NO_COMMON_BLOCKS = YES;
				GCC_WARN_64_TO_32_BIT_CONVERSION = YES;
				GCC_WARN_ABOUT_RETURN_TYPE = YES_ERROR;
				GCC_WARN_UNDECLARED_SELECTOR = YES;
				GCC_WARN_UNINITIALIZED_AUTOS = YES_AGGRESSIVE;
				GCC_WARN_UNUSED_FUNCTION = YES;
				GCC_WARN_UNUSED_VARIABLE = YES;
				IPHONEOS_DEPLOYMENT_TARGET = 12.4;
				MTL_ENABLE_DEBUG_INFO = NO;
				MTL_FAST_MATH = YES;
				SDKROOT = iphoneos;
				SWIFT_COMPILATION_MODE = wholemodule;
				SWIFT_OPTIMIZATION_LEVEL = "-O";
				VALIDATE_PRODUCT = YES;
			};
			name = Release;
		};
		65FEBBFC24C9E2EE00795D13 /* Debug */ = {
			isa = XCBuildConfiguration;
			buildSettings = {
				ASSETCATALOG_COMPILER_APPICON_NAME = AppIcon;
				CLANG_ENABLE_MODULES = YES;
				CODE_SIGN_STYLE = Automatic;
				DEVELOPMENT_TEAM = HTDH5XWA79;
				INFOPLIST_FILE = QuanLyCafe/Info.plist;
				LD_RUNPATH_SEARCH_PATHS = (
					"$(inherited)",
					"@executable_path/Frameworks",
				);
				PRODUCT_BUNDLE_IDENTIFIER = minhnguyen.tdc.QuanLyCafe;
				PRODUCT_NAME = "$(TARGET_NAME)";
				SWIFT_OBJC_BRIDGING_HEADER = "QuanLyCafe/FMDB/QuanLyCafe-Bridging-Header.h";
				SWIFT_OPTIMIZATION_LEVEL = "-Onone";
				SWIFT_VERSION = 5.0;
				TARGETED_DEVICE_FAMILY = "1,2";
			};
			name = Debug;
		};
		65FEBBFD24C9E2EE00795D13 /* Release */ = {
			isa = XCBuildConfiguration;
			buildSettings = {
				ASSETCATALOG_COMPILER_APPICON_NAME = AppIcon;
				CLANG_ENABLE_MODULES = YES;
				CODE_SIGN_STYLE = Automatic;
				DEVELOPMENT_TEAM = HTDH5XWA79;
				INFOPLIST_FILE = QuanLyCafe/Info.plist;
				LD_RUNPATH_SEARCH_PATHS = (
					"$(inherited)",
					"@executable_path/Frameworks",
				);
				PRODUCT_BUNDLE_IDENTIFIER = minhnguyen.tdc.QuanLyCafe;
				PRODUCT_NAME = "$(TARGET_NAME)";
				SWIFT_OBJC_BRIDGING_HEADER = "QuanLyCafe/FMDB/QuanLyCafe-Bridging-Header.h";
				SWIFT_VERSION = 5.0;
				TARGETED_DEVICE_FAMILY = "1,2";
			};
			name = Release;
		};
		65FEBBFF24C9E2EE00795D13 /* Debug */ = {
			isa = XCBuildConfiguration;
			buildSettings = {
				ALWAYS_EMBED_SWIFT_STANDARD_LIBRARIES = YES;
				BUNDLE_LOADER = "$(TEST_HOST)";
				CODE_SIGN_STYLE = Automatic;
				INFOPLIST_FILE = QuanLyCafeTests/Info.plist;
				LD_RUNPATH_SEARCH_PATHS = (
					"$(inherited)",
					"@executable_path/Frameworks",
					"@loader_path/Frameworks",
				);
				PRODUCT_BUNDLE_IDENTIFIER = minhnguyen.tdc.QuanLyCafeTests;
				PRODUCT_NAME = "$(TARGET_NAME)";
				SWIFT_VERSION = 5.0;
				TARGETED_DEVICE_FAMILY = "1,2";
				TEST_HOST = "$(BUILT_PRODUCTS_DIR)/QuanLyCafe.app/QuanLyCafe";
			};
			name = Debug;
		};
		65FEBC0024C9E2EE00795D13 /* Release */ = {
			isa = XCBuildConfiguration;
			buildSettings = {
				ALWAYS_EMBED_SWIFT_STANDARD_LIBRARIES = YES;
				BUNDLE_LOADER = "$(TEST_HOST)";
				CODE_SIGN_STYLE = Automatic;
				INFOPLIST_FILE = QuanLyCafeTests/Info.plist;
				LD_RUNPATH_SEARCH_PATHS = (
					"$(inherited)",
					"@executable_path/Frameworks",
					"@loader_path/Frameworks",
				);
				PRODUCT_BUNDLE_IDENTIFIER = minhnguyen.tdc.QuanLyCafeTests;
				PRODUCT_NAME = "$(TARGET_NAME)";
				SWIFT_VERSION = 5.0;
				TARGETED_DEVICE_FAMILY = "1,2";
				TEST_HOST = "$(BUILT_PRODUCTS_DIR)/QuanLyCafe.app/QuanLyCafe";
			};
			name = Release;
		};
/* End XCBuildConfiguration section */

/* Begin XCConfigurationList section */
		65FEBBD924C9E2E500795D13 /* Build configuration list for PBXProject "QuanLyCafe" */ = {
			isa = XCConfigurationList;
			buildConfigurations = (
				65FEBBF924C9E2EE00795D13 /* Debug */,
				65FEBBFA24C9E2EE00795D13 /* Release */,
			);
			defaultConfigurationIsVisible = 0;
			defaultConfigurationName = Release;
		};
		65FEBBFB24C9E2EE00795D13 /* Build configuration list for PBXNativeTarget "QuanLyCafe" */ = {
			isa = XCConfigurationList;
			buildConfigurations = (
				65FEBBFC24C9E2EE00795D13 /* Debug */,
				65FEBBFD24C9E2EE00795D13 /* Release */,
			);
			defaultConfigurationIsVisible = 0;
			defaultConfigurationName = Release;
		};
		65FEBBFE24C9E2EE00795D13 /* Build configuration list for PBXNativeTarget "QuanLyCafeTests" */ = {
			isa = XCConfigurationList;
			buildConfigurations = (
				65FEBBFF24C9E2EE00795D13 /* Debug */,
				65FEBC0024C9E2EE00795D13 /* Release */,
			);
			defaultConfigurationIsVisible = 0;
			defaultConfigurationName = Release;
		};
/* End XCConfigurationList section */
	};
	rootObject = 65FEBBD624C9E2E500795D13 /* Project object */;
}
